
Microsoft Visual Studio Solution File, Format Version 12.00
# Visual Studio Version 16
VisualStudioVersion = 16.0.29424.173
MinimumVisualStudioVersion = 10.0.40219.1
Project("{FAE04EC0-301F-11D3-BF4B-00C04F79EFBC}") = "Polygon_Filler", "Polygon_Filler.csproj", "{4C11CDCA-E3B8-4BDD-8B2F-A0FD2B11964D}"
EndProject
Global
	GlobalSection(SolutionConfigurationPlatforms) = preSolution
		Debug|Any CPU = Debug|Any CPU
		Release|Any CPU = Release|Any CPU
	EndGlobalSection
	GlobalSection(ProjectConfigurationPlatforms) = postSolution
		{4C11CDCA-E3B8-4BDD-8B2F-A0FD2B11964D}.Debug|Any CPU.ActiveCfg = Debug|Any CPU
		{4C11CDCA-E3B8-4BDD-8B2F-A0FD2B11964D}.Debug|Any CPU.Build.0 = Debug|Any CPU
		{4C11CDCA-E3B8-4BDD-8B2F-A0FD2B11964D}.Release|Any CPU.ActiveCfg = Release|Any CPU
		{4C11CDCA-E3B8-4BDD-8B2F-A0FD2B11964D}.Release|Any CPU.Build.0 = Release|Any CPU
	EndGlobalSection
	GlobalSection(SolutionProperties) = preSolution
		HideSolutionNode = FALSE
	EndGlobalSection
	GlobalSection(ExtensibilityGlobals) = postSolution
		SolutionGuid = {CAE2907C-475D-4751-8BF2-67209CAD833A}
	EndGlobalSection
EndGlobal
